
Microsoft Visual Studio Solution File, Format Version 12.00
# Visual Studio 15
VisualStudioVersion = 15.0.27130.2027
MinimumVisualStudioVersion = 10.0.40219.1
Project("{A07B5EB6-E848-4116-A8D0-A826331D98C6}") = "QTB3.Fabric", "QTB3.Fabric\QTB3.Fabric.sfproj", "{D9342B31-4280-4B5F-B726-BBD0E19065C2}"
EndProject
Project("{9A19103F-16F7-4668-BE54-9A1E7A4F7556}") = "QTB3.Model.LabResultPatterns", "QTB3.Model.LabResultPatterns\QTB3.Model.LabResultPatterns.csproj", "{9C26958E-CE92-4346-9085-B2108195F801}"
EndProject
Project("{9A19103F-16F7-4668-BE54-9A1E7A4F7556}") = "QTB3.Api.Common", "QTB3.Api.Common\QTB3.Api.Common.csproj", "{A589CF92-F983-4A6C-8DA4-785E48FFE116}"
EndProject
Project("{9A19103F-16F7-4668-BE54-9A1E7A4F7556}") = "QTB3.Api.LabResultPatterns", "QTB3.Api.LabResultPatterns\QTB3.Api.LabResultPatterns.csproj", "{2EFE3BCC-BBF8-47FD-96D2-536F802926A1}"
EndProject
Project("{9A19103F-16F7-4668-BE54-9A1E7A4F7556}") = "QTB3.Fabric.WriteService.LabResultPatterns", "QTB3.Fabric.WriteService.LabResultPatterns\QTB3.Fabric.WriteService.LabResultPatterns.csproj", "{6B84DB12-C8DA-49B6-B3ED-00C512B40C7C}"
EndProject
Project("{9A19103F-16F7-4668-BE54-9A1E7A4F7556}") = "QTB3.Fabric.ReadService.LabResultPatterns", "QTB3.Fabric.ReadService.LabResultPatterns\QTB3.Fabric.ReadService.LabResultPatterns.csproj", "{F0C68C88-6173-4DE7-B3BC-11D1C658F460}"
EndProject
Project("{9A19103F-16F7-4668-BE54-9A1E7A4F7556}") = "QTB3.Model.Abstractions", "QTB3.Model.Abstractions\QTB3.Model.Abstractions.csproj", "{D536238F-964C-4881-AEE8-9651F2863962}"
EndProject
Project("{9A19103F-16F7-4668-BE54-9A1E7A4F7556}") = "QTB3.Api.Abstractions", "QTB3.Api.Abstractions\QTB3.Api.Abstractions.csproj", "{6B38625D-8102-4494-B844-56E163487129}"
EndProject
Project("{FAE04EC0-301F-11D3-BF4B-00C04F79EFBC}") = "QTB3.Api.LabResultPatterns.Abstractions", "QTB3.Api.LabResultPatterns.Abstractions\QTB3.Api.LabResultPatterns.Abstractions.csproj", "{D4F9152B-2614-4F7A-9F6C-FAFC7C6AC24F}"
EndProject
Global
	GlobalSection(SolutionConfigurationPlatforms) = preSolution
		Debug|Any CPU = Debug|Any CPU
		Debug|ARM = Debug|ARM
		Debug|iPhone = Debug|iPhone
		Debug|iPhoneSimulator = Debug|iPhoneSimulator
		Debug|x64 = Debug|x64
		Debug|x86 = Debug|x86
		Release|Any CPU = Release|Any CPU
		Release|ARM = Release|ARM
		Release|iPhone = Release|iPhone
		Release|iPhoneSimulator = Release|iPhoneSimulator
		Release|x64 = Release|x64
		Release|x86 = Release|x86
	EndGlobalSection
	GlobalSection(ProjectConfigurationPlatforms) = postSolution
		{D9342B31-4280-4B5F-B726-BBD0E19065C2}.Debug|Any CPU.ActiveCfg = Debug|x64
		{D9342B31-4280-4B5F-B726-BBD0E19065C2}.Debug|ARM.ActiveCfg = Debug|x64
		{D9342B31-4280-4B5F-B726-BBD0E19065C2}.Debug|iPhone.ActiveCfg = Debug|x64
		{D9342B31-4280-4B5F-B726-BBD0E19065C2}.Debug|iPhoneSimulator.ActiveCfg = Debug|x64
		{D9342B31-4280-4B5F-B726-BBD0E19065C2}.Debug|x64.ActiveCfg = Debug|x64
		{D9342B31-4280-4B5F-B726-BBD0E19065C2}.Debug|x64.Build.0 = Debug|x64
		{D9342B31-4280-4B5F-B726-BBD0E19065C2}.Debug|x64.Deploy.0 = Debug|x64
		{D9342B31-4280-4B5F-B726-BBD0E19065C2}.Debug|x86.ActiveCfg = Debug|x64
		{D9342B31-4280-4B5F-B726-BBD0E19065C2}.Release|Any CPU.ActiveCfg = Release|x64
		{D9342B31-4280-4B5F-B726-BBD0E19065C2}.Release|ARM.ActiveCfg = Release|x64
		{D9342B31-4280-4B5F-B726-BBD0E19065C2}.Release|iPhone.ActiveCfg = Release|x64
		{D9342B31-4280-4B5F-B726-BBD0E19065C2}.Release|iPhoneSimulator.ActiveCfg = Release|x64
		{D9342B31-4280-4B5F-B726-BBD0E19065C2}.Release|x64.ActiveCfg = Release|x64
		{D9342B31-4280-4B5F-B726-BBD0E19065C2}.Release|x64.Build.0 = Release|x64
		{D9342B31-4280-4B5F-B726-BBD0E19065C2}.Release|x64.Deploy.0 = Release|x64
		{D9342B31-4280-4B5F-B726-BBD0E19065C2}.Release|x86.ActiveCfg = Release|x64
		{9C26958E-CE92-4346-9085-B2108195F801}.Debug|Any CPU.ActiveCfg = Debug|Any CPU
		{9C26958E-CE92-4346-9085-B2108195F801}.Debug|Any CPU.Build.0 = Debug|Any CPU
		{9C26958E-CE92-4346-9085-B2108195F801}.Debug|ARM.ActiveCfg = Debug|Any CPU
		{9C26958E-CE92-4346-9085-B2108195F801}.Debug|ARM.Build.0 = Debug|Any CPU
		{9C26958E-CE92-4346-9085-B2108195F801}.Debug|iPhone.ActiveCfg = Debug|Any CPU
		{9C26958E-CE92-4346-9085-B2108195F801}.Debug|iPhone.Build.0 = Debug|Any CPU
		{9C26958E-CE92-4346-9085-B2108195F801}.Debug|iPhoneSimulator.ActiveCfg = Debug|Any CPU
		{9C26958E-CE92-4346-9085-B2108195F801}.Debug|iPhoneSimulator.Build.0 = Debug|Any CPU
		{9C26958E-CE92-4346-9085-B2108195F801}.Debug|x64.ActiveCfg = Debug|x64
		{9C26958E-CE92-4346-9085-B2108195F801}.Debug|x64.Build.0 = Debug|x64
		{9C26958E-CE92-4346-9085-B2108195F801}.Debug|x86.ActiveCfg = Debug|Any CPU
		{9C26958E-CE92-4346-9085-B2108195F801}.Debug|x86.Build.0 = Debug|Any CPU
		{9C26958E-CE92-4346-9085-B2108195F801}.Release|Any CPU.ActiveCfg = Release|Any CPU
		{9C26958E-CE92-4346-9085-B2108195F801}.Release|Any CPU.Build.0 = Release|Any CPU
		{9C26958E-CE92-4346-9085-B2108195F801}.Release|ARM.ActiveCfg = Release|Any CPU
		{9C26958E-CE92-4346-9085-B2108195F801}.Release|ARM.Build.0 = Release|Any CPU
		{9C26958E-CE92-4346-9085-B2108195F801}.Release|iPhone.ActiveCfg = Release|Any CPU
		{9C26958E-CE92-4346-9085-B2108195F801}.Release|iPhone.Build.0 = Release|Any CPU
		{9C26958E-CE92-4346-9085-B2108195F801}.Release|iPhoneSimulator.ActiveCfg = Release|Any CPU
		{9C26958E-CE92-4346-9085-B2108195F801}.Release|iPhoneSimulator.Build.0 = Release|Any CPU
		{9C26958E-CE92-4346-9085-B2108195F801}.Release|x64.ActiveCfg = Release|x64
		{9C26958E-CE92-4346-9085-B2108195F801}.Release|x64.Build.0 = Release|x64
		{9C26958E-CE92-4346-9085-B2108195F801}.Release|x86.ActiveCfg = Release|Any CPU
		{9C26958E-CE92-4346-9085-B2108195F801}.Release|x86.Build.0 = Release|Any CPU
		{A589CF92-F983-4A6C-8DA4-785E48FFE116}.Debug|Any CPU.ActiveCfg = Debug|Any CPU
		{A589CF92-F983-4A6C-8DA4-785E48FFE116}.Debug|Any CPU.Build.0 = Debug|Any CPU
		{A589CF92-F983-4A6C-8DA4-785E48FFE116}.Debug|ARM.ActiveCfg = Debug|Any CPU
		{A589CF92-F983-4A6C-8DA4-785E48FFE116}.Debug|ARM.Build.0 = Debug|Any CPU
		{A589CF92-F983-4A6C-8DA4-785E48FFE116}.Debug|iPhone.ActiveCfg = Debug|Any CPU
		{A589CF92-F983-4A6C-8DA4-785E48FFE116}.Debug|iPhone.Build.0 = Debug|Any CPU
		{A589CF92-F983-4A6C-8DA4-785E48FFE116}.Debug|iPhoneSimulator.ActiveCfg = Debug|Any CPU
		{A589CF92-F983-4A6C-8DA4-785E48FFE116}.Debug|iPhoneSimulator.Build.0 = Debug|Any CPU
		{A589CF92-F983-4A6C-8DA4-785E48FFE116}.Debug|x64.ActiveCfg = Debug|x64
		{A589CF92-F983-4A6C-8DA4-785E48FFE116}.Debug|x64.Build.0 = Debug|x64
		{A589CF92-F983-4A6C-8DA4-785E48FFE116}.Debug|x86.ActiveCfg = Debug|Any CPU
		{A589CF92-F983-4A6C-8DA4-785E48FFE116}.Debug|x86.Build.0 = Debug|Any CPU
		{A589CF92-F983-4A6C-8DA4-785E48FFE116}.Release|Any CPU.ActiveCfg = Release|Any CPU
		{A589CF92-F983-4A6C-8DA4-785E48FFE116}.Release|Any CPU.Build.0 = Release|Any CPU
		{A589CF92-F983-4A6C-8DA4-785E48FFE116}.Release|ARM.ActiveCfg = Release|Any CPU
		{A589CF92-F983-4A6C-8DA4-785E48FFE116}.Release|ARM.Build.0 = Release|Any CPU
		{A589CF92-F983-4A6C-8DA4-785E48FFE116}.Release|iPhone.ActiveCfg = Release|Any CPU
		{A589CF92-F983-4A6C-8DA4-785E48FFE116}.Release|iPhone.Build.0 = Release|Any CPU
		{A589CF92-F983-4A6C-8DA4-785E48FFE116}.Release|iPhoneSimulator.ActiveCfg = Release|Any CPU
		{A589CF92-F983-4A6C-8DA4-785E48FFE116}.Release|iPhoneSimulator.Build.0 = Release|Any CPU
		{A589CF92-F983-4A6C-8DA4-785E48FFE116}.Release|x64.ActiveCfg = Release|Any CPU
		{A589CF92-F983-4A6C-8DA4-785E48FFE116}.Release|x64.Build.0 = Release|Any CPU
		{A589CF92-F983-4A6C-8DA4-785E48FFE116}.Release|x86.ActiveCfg = Release|Any CPU
		{A589CF92-F983-4A6C-8DA4-785E48FFE116}.Release|x86.Build.0 = Release|Any CPU
		{2EFE3BCC-BBF8-47FD-96D2-536F802926A1}.Debug|Any CPU.ActiveCfg = Debug|Any CPU
		{2EFE3BCC-BBF8-47FD-96D2-536F802926A1}.Debug|Any CPU.Build.0 = Debug|Any CPU
		{2EFE3BCC-BBF8-47FD-96D2-536F802926A1}.Debug|ARM.ActiveCfg = Debug|Any CPU
		{2EFE3BCC-BBF8-47FD-96D2-536F802926A1}.Debug|ARM.Build.0 = Debug|Any CPU
		{2EFE3BCC-BBF8-47FD-96D2-536F802926A1}.Debug|iPhone.ActiveCfg = Debug|Any CPU
		{2EFE3BCC-BBF8-47FD-96D2-536F802926A1}.Debug|iPhone.Build.0 = Debug|Any CPU
		{2EFE3BCC-BBF8-47FD-96D2-536F802926A1}.Debug|iPhoneSimulator.ActiveCfg = Debug|Any CPU
		{2EFE3BCC-BBF8-47FD-96D2-536F802926A1}.Debug|iPhoneSimulator.Build.0 = Debug|Any CPU
		{2EFE3BCC-BBF8-47FD-96D2-536F802926A1}.Debug|x64.ActiveCfg = Debug|x64
		{2EFE3BCC-BBF8-47FD-96D2-536F802926A1}.Debug|x64.Build.0 = Debug|x64
		{2EFE3BCC-BBF8-47FD-96D2-536F802926A1}.Debug|x86.ActiveCfg = Debug|Any CPU
		{2EFE3BCC-BBF8-47FD-96D2-536F802926A1}.Debug|x86.Build.0 = Debug|Any CPU
		{2EFE3BCC-BBF8-47FD-96D2-536F802926A1}.Release|Any CPU.ActiveCfg = Release|Any CPU
		{2EFE3BCC-BBF8-47FD-96D2-536F802926A1}.Release|Any CPU.Build.0 = Release|Any CPU
		{2EFE3BCC-BBF8-47FD-96D2-536F802926A1}.Release|ARM.ActiveCfg = Release|Any CPU
		{2EFE3BCC-BBF8-47FD-96D2-536F802926A1}.Release|ARM.Build.0 = Release|Any CPU
		{2EFE3BCC-BBF8-47FD-96D2-536F802926A1}.Release|iPhone.ActiveCfg = Release|Any CPU
		{2EFE3BCC-BBF8-47FD-96D2-536F802926A1}.Release|iPhone.Build.0 = Release|Any CPU
		{2EFE3BCC-BBF8-47FD-96D2-536F802926A1}.Release|iPhoneSimulator.ActiveCfg = Release|Any CPU
		{2EFE3BCC-BBF8-47FD-96D2-536F802926A1}.Release|iPhoneSimulator.Build.0 = Release|Any CPU
		{2EFE3BCC-BBF8-47FD-96D2-536F802926A1}.Release|x64.ActiveCfg = Release|Any CPU
		{2EFE3BCC-BBF8-47FD-96D2-536F802926A1}.Release|x64.Build.0 = Release|Any CPU
		{2EFE3BCC-BBF8-47FD-96D2-536F802926A1}.Release|x86.ActiveCfg = Release|Any CPU
		{2EFE3BCC-BBF8-47FD-96D2-536F802926A1}.Release|x86.Build.0 = Release|Any CPU
		{6B84DB12-C8DA-49B6-B3ED-00C512B40C7C}.Debug|Any CPU.ActiveCfg = Debug|Any CPU
		{6B84DB12-C8DA-49B6-B3ED-00C512B40C7C}.Debug|Any CPU.Build.0 = Debug|Any CPU
		{6B84DB12-C8DA-49B6-B3ED-00C512B40C7C}.Debug|ARM.ActiveCfg = Debug|Any CPU
		{6B84DB12-C8DA-49B6-B3ED-00C512B40C7C}.Debug|ARM.Build.0 = Debug|Any CPU
		{6B84DB12-C8DA-49B6-B3ED-00C512B40C7C}.Debug|iPhone.ActiveCfg = Debug|Any CPU
		{6B84DB12-C8DA-49B6-B3ED-00C512B40C7C}.Debug|iPhone.Build.0 = Debug|Any CPU
		{6B84DB12-C8DA-49B6-B3ED-00C512B40C7C}.Debug|iPhoneSimulator.ActiveCfg = Debug|Any CPU
		{6B84DB12-C8DA-49B6-B3ED-00C512B40C7C}.Debug|iPhoneSimulator.Build.0 = Debug|Any CPU
		{6B84DB12-C8DA-49B6-B3ED-00C512B40C7C}.Debug|x64.ActiveCfg = Debug|Any CPU
		{6B84DB12-C8DA-49B6-B3ED-00C512B40C7C}.Debug|x64.Build.0 = Debug|Any CPU
		{6B84DB12-C8DA-49B6-B3ED-00C512B40C7C}.Debug|x86.ActiveCfg = Debug|Any CPU
		{6B84DB12-C8DA-49B6-B3ED-00C512B40C7C}.Debug|x86.Build.0 = Debug|Any CPU
		{6B84DB12-C8DA-49B6-B3ED-00C512B40C7C}.Release|Any CPU.ActiveCfg = Release|Any CPU
		{6B84DB12-C8DA-49B6-B3ED-00C512B40C7C}.Release|Any CPU.Build.0 = Release|Any CPU
		{6B84DB12-C8DA-49B6-B3ED-00C512B40C7C}.Release|ARM.ActiveCfg = Release|Any CPU
		{6B84DB12-C8DA-49B6-B3ED-00C512B40C7C}.Release|ARM.Build.0 = Release|Any CPU
		{6B84DB12-C8DA-49B6-B3ED-00C512B40C7C}.Release|iPhone.ActiveCfg = Release|Any CPU
		{6B84DB12-C8DA-49B6-B3ED-00C512B40C7C}.Release|iPhone.Build.0 = Release|Any CPU
		{6B84DB12-C8DA-49B6-B3ED-00C512B40C7C}.Release|iPhoneSimulator.ActiveCfg = Release|Any CPU
		{6B84DB12-C8DA-49B6-B3ED-00C512B40C7C}.Release|iPhoneSimulator.Build.0 = Release|Any CPU
		{6B84DB12-C8DA-49B6-B3ED-00C512B40C7C}.Release|x64.ActiveCfg = Release|Any CPU
		{6B84DB12-C8DA-49B6-B3ED-00C512B40C7C}.Release|x64.Build.0 = Release|Any CPU
		{6B84DB12-C8DA-49B6-B3ED-00C512B40C7C}.Release|x86.ActiveCfg = Release|Any CPU
		{6B84DB12-C8DA-49B6-B3ED-00C512B40C7C}.Release|x86.Build.0 = Release|Any CPU
		{F0C68C88-6173-4DE7-B3BC-11D1C658F460}.Debug|Any CPU.ActiveCfg = Debug|Any CPU
		{F0C68C88-6173-4DE7-B3BC-11D1C658F460}.Debug|Any CPU.Build.0 = Debug|Any CPU
		{F0C68C88-6173-4DE7-B3BC-11D1C658F460}.Debug|ARM.ActiveCfg = Debug|Any CPU
		{F0C68C88-6173-4DE7-B3BC-11D1C658F460}.Debug|ARM.Build.0 = Debug|Any CPU
		{F0C68C88-6173-4DE7-B3BC-11D1C658F460}.Debug|iPhone.ActiveCfg = Debug|Any CPU
		{F0C68C88-6173-4DE7-B3BC-11D1C658F460}.Debug|iPhone.Build.0 = Debug|Any CPU
		{F0C68C88-6173-4DE7-B3BC-11D1C658F460}.Debug|iPhoneSimulator.ActiveCfg = Debug|Any CPU
		{F0C68C88-6173-4DE7-B3BC-11D1C658F460}.Debug|iPhoneSimulator.Build.0 = Debug|Any CPU
		{F0C68C88-6173-4DE7-B3BC-11D1C658F460}.Debug|x64.ActiveCfg = Debug|x64
		{F0C68C88-6173-4DE7-B3BC-11D1C658F460}.Debug|x64.Build.0 = Debug|x64
		{F0C68C88-6173-4DE7-B3BC-11D1C658F460}.Debug|x86.ActiveCfg = Debug|Any CPU
		{F0C68C88-6173-4DE7-B3BC-11D1C658F460}.Debug|x86.Build.0 = Debug|Any CPU
		{F0C68C88-6173-4DE7-B3BC-11D1C658F460}.Release|Any CPU.ActiveCfg = Release|Any CPU
		{F0C68C88-6173-4DE7-B3BC-11D1C658F460}.Release|Any CPU.Build.0 = Release|Any CPU
		{F0C68C88-6173-4DE7-B3BC-11D1C658F460}.Release|ARM.ActiveCfg = Release|Any CPU
		{F0C68C88-6173-4DE7-B3BC-11D1C658F460}.Release|ARM.Build.0 = Release|Any CPU
		{F0C68C88-6173-4DE7-B3BC-11D1C658F460}.Release|iPhone.ActiveCfg = Release|Any CPU
		{F0C68C88-6173-4DE7-B3BC-11D1C658F460}.Release|iPhone.Build.0 = Release|Any CPU
		{F0C68C88-6173-4DE7-B3BC-11D1C658F460}.Release|iPhoneSimulator.ActiveCfg = Release|Any CPU
		{F0C68C88-6173-4DE7-B3BC-11D1C658F460}.Release|iPhoneSimulator.Build.0 = Release|Any CPU
		{F0C68C88-6173-4DE7-B3BC-11D1C658F460}.Release|x64.ActiveCfg = Release|x64
		{F0C68C88-6173-4DE7-B3BC-11D1C658F460}.Release|x64.Build.0 = Release|x64
		{F0C68C88-6173-4DE7-B3BC-11D1C658F460}.Release|x86.ActiveCfg = Release|Any CPU
		{F0C68C88-6173-4DE7-B3BC-11D1C658F460}.Release|x86.Build.0 = Release|Any CPU
		{D536238F-964C-4881-AEE8-9651F2863962}.Debug|Any CPU.ActiveCfg = Debug|Any CPU
		{D536238F-964C-4881-AEE8-9651F2863962}.Debug|Any CPU.Build.0 = Debug|Any CPU
		{D536238F-964C-4881-AEE8-9651F2863962}.Debug|ARM.ActiveCfg = Debug|Any CPU
		{D536238F-964C-4881-AEE8-9651F2863962}.Debug|ARM.Build.0 = Debug|Any CPU
		{D536238F-964C-4881-AEE8-9651F2863962}.Debug|iPhone.ActiveCfg = Debug|Any CPU
		{D536238F-964C-4881-AEE8-9651F2863962}.Debug|iPhone.Build.0 = Debug|Any CPU
		{D536238F-964C-4881-AEE8-9651F2863962}.Debug|iPhoneSimulator.ActiveCfg = Debug|Any CPU
		{D536238F-964C-4881-AEE8-9651F2863962}.Debug|iPhoneSimulator.Build.0 = Debug|Any CPU
		{D536238F-964C-4881-AEE8-9651F2863962}.Debug|x64.ActiveCfg = Debug|Any CPU
		{D536238F-964C-4881-AEE8-9651F2863962}.Debug|x64.Build.0 = Debug|Any CPU
		{D536238F-964C-4881-AEE8-9651F2863962}.Debug|x86.ActiveCfg = Debug|Any CPU
		{D536238F-964C-4881-AEE8-9651F2863962}.Debug|x86.Build.0 = Debug|Any CPU
		{D536238F-964C-4881-AEE8-9651F2863962}.Release|Any CPU.ActiveCfg = Release|Any CPU
		{D536238F-964C-4881-AEE8-9651F2863962}.Release|Any CPU.Build.0 = Release|Any CPU
		{D536238F-964C-4881-AEE8-9651F2863962}.Release|ARM.ActiveCfg = Release|Any CPU
		{D536238F-964C-4881-AEE8-9651F2863962}.Release|ARM.Build.0 = Release|Any CPU
		{D536238F-964C-4881-AEE8-9651F2863962}.Release|iPhone.ActiveCfg = Release|Any CPU
		{D536238F-964C-4881-AEE8-9651F2863962}.Release|iPhone.Build.0 = Release|Any CPU
		{D536238F-964C-4881-AEE8-9651F2863962}.Release|iPhoneSimulator.ActiveCfg = Release|Any CPU
		{D536238F-964C-4881-AEE8-9651F2863962}.Release|iPhoneSimulator.Build.0 = Release|Any CPU
		{D536238F-964C-4881-AEE8-9651F2863962}.Release|x64.ActiveCfg = Release|Any CPU
		{D536238F-964C-4881-AEE8-9651F2863962}.Release|x64.Build.0 = Release|Any CPU
		{D536238F-964C-4881-AEE8-9651F2863962}.Release|x86.ActiveCfg = Release|Any CPU
		{D536238F-964C-4881-AEE8-9651F2863962}.Release|x86.Build.0 = Release|Any CPU
		{6B38625D-8102-4494-B844-56E163487129}.Debug|Any CPU.ActiveCfg = Debug|Any CPU
		{6B38625D-8102-4494-B844-56E163487129}.Debug|Any CPU.Build.0 = Debug|Any CPU
		{6B38625D-8102-4494-B844-56E163487129}.Debug|ARM.ActiveCfg = Debug|Any CPU
		{6B38625D-8102-4494-B844-56E163487129}.Debug|ARM.Build.0 = Debug|Any CPU
		{6B38625D-8102-4494-B844-56E163487129}.Debug|iPhone.ActiveCfg = Debug|Any CPU
		{6B38625D-8102-4494-B844-56E163487129}.Debug|iPhone.Build.0 = Debug|Any CPU
		{6B38625D-8102-4494-B844-56E163487129}.Debug|iPhoneSimulator.ActiveCfg = Debug|Any CPU
		{6B38625D-8102-4494-B844-56E163487129}.Debug|iPhoneSimulator.Build.0 = Debug|Any CPU
		{6B38625D-8102-4494-B844-56E163487129}.Debug|x64.ActiveCfg = Debug|Any CPU
		{6B38625D-8102-4494-B844-56E163487129}.Debug|x64.Build.0 = Debug|Any CPU
		{6B38625D-8102-4494-B844-56E163487129}.Debug|x86.ActiveCfg = Debug|Any CPU
		{6B38625D-8102-4494-B844-56E163487129}.Debug|x86.Build.0 = Debug|Any CPU
		{6B38625D-8102-4494-B844-56E163487129}.Release|Any CPU.ActiveCfg = Release|Any CPU
		{6B38625D-8102-4494-B844-56E163487129}.Release|Any CPU.Build.0 = Release|Any CPU
		{6B38625D-8102-4494-B844-56E163487129}.Release|ARM.ActiveCfg = Release|Any CPU
		{6B38625D-8102-4494-B844-56E163487129}.Release|ARM.Build.0 = Release|Any CPU
		{6B38625D-8102-4494-B844-56E163487129}.Release|iPhone.ActiveCfg = Release|Any CPU
		{6B38625D-8102-4494-B844-56E163487129}.Release|iPhone.Build.0 = Release|Any CPU
		{6B38625D-8102-4494-B844-56E163487129}.Release|iPhoneSimulator.ActiveCfg = Release|Any CPU
		{6B38625D-8102-4494-B844-56E163487129}.Release|iPhoneSimulator.Build.0 = Release|Any CPU
		{6B38625D-8102-4494-B844-56E163487129}.Release|x64.ActiveCfg = Release|Any CPU
		{6B38625D-8102-4494-B844-56E163487129}.Release|x64.Build.0 = Release|Any CPU
		{6B38625D-8102-4494-B844-56E163487129}.Release|x86.ActiveCfg = Release|Any CPU
		{6B38625D-8102-4494-B844-56E163487129}.Release|x86.Build.0 = Release|Any CPU
		{D4F9152B-2614-4F7A-9F6C-FAFC7C6AC24F}.Debug|Any CPU.ActiveCfg = Debug|Any CPU
		{D4F9152B-2614-4F7A-9F6C-FAFC7C6AC24F}.Debug|Any CPU.Build.0 = Debug|Any CPU
		{D4F9152B-2614-4F7A-9F6C-FAFC7C6AC24F}.Debug|ARM.ActiveCfg = Debug|Any CPU
		{D4F9152B-2614-4F7A-9F6C-FAFC7C6AC24F}.Debug|ARM.Build.0 = Debug|Any CPU
		{D4F9152B-2614-4F7A-9F6C-FAFC7C6AC24F}.Debug|iPhone.ActiveCfg = Debug|Any CPU
		{D4F9152B-2614-4F7A-9F6C-FAFC7C6AC24F}.Debug|iPhone.Build.0 = Debug|Any CPU
		{D4F9152B-2614-4F7A-9F6C-FAFC7C6AC24F}.Debug|iPhoneSimulator.ActiveCfg = Debug|Any CPU
		{D4F9152B-2614-4F7A-9F6C-FAFC7C6AC24F}.Debug|iPhoneSimulator.Build.0 = Debug|Any CPU
		{D4F9152B-2614-4F7A-9F6C-FAFC7C6AC24F}.Debug|x64.ActiveCfg = Debug|Any CPU
		{D4F9152B-2614-4F7A-9F6C-FAFC7C6AC24F}.Debug|x64.Build.0 = Debug|Any CPU
		{D4F9152B-2614-4F7A-9F6C-FAFC7C6AC24F}.Debug|x86.ActiveCfg = Debug|Any CPU
		{D4F9152B-2614-4F7A-9F6C-FAFC7C6AC24F}.Debug|x86.Build.0 = Debug|Any CPU
		{D4F9152B-2614-4F7A-9F6C-FAFC7C6AC24F}.Release|Any CPU.ActiveCfg = Release|Any CPU
		{D4F9152B-2614-4F7A-9F6C-FAFC7C6AC24F}.Release|Any CPU.Build.0 = Release|Any CPU
		{D4F9152B-2614-4F7A-9F6C-FAFC7C6AC24F}.Release|ARM.ActiveCfg = Release|Any CPU
		{D4F9152B-2614-4F7A-9F6C-FAFC7C6AC24F}.Release|ARM.Build.0 = Release|Any CPU
		{D4F9152B-2614-4F7A-9F6C-FAFC7C6AC24F}.Release|iPhone.ActiveCfg = Release|Any CPU
		{D4F9152B-2614-4F7A-9F6C-FAFC7C6AC24F}.Release|iPhone.Build.0 = Release|Any CPU
		{D4F9152B-2614-4F7A-9F6C-FAFC7C6AC24F}.Release|iPhoneSimulator.ActiveCfg = Release|Any CPU
		{D4F9152B-2614-4F7A-9F6C-FAFC7C6AC24F}.Release|iPhoneSimulator.Build.0 = Release|Any CPU
		{D4F9152B-2614-4F7A-9F6C-FAFC7C6AC24F}.Release|x64.ActiveCfg = Release|Any CPU
		{D4F9152B-2614-4F7A-9F6C-FAFC7C6AC24F}.Release|x64.Build.0 = Release|Any CPU
		{D4F9152B-2614-4F7A-9F6C-FAFC7C6AC24F}.Release|x86.ActiveCfg = Release|Any CPU
		{D4F9152B-2614-4F7A-9F6C-FAFC7C6AC24F}.Release|x86.Build.0 = Release|Any CPU
	EndGlobalSection
	GlobalSection(SolutionProperties) = preSolution
		HideSolutionNode = FALSE
	EndGlobalSection
	GlobalSection(ExtensibilityGlobals) = postSolution
		SolutionGuid = {1C2528FE-1A6F-4410-9056-489E1B48F29D}
	EndGlobalSection
EndGlobal
